// !$*UTF8*$!
{
	archiveVersion = 1;
	classes = {
	};
	objectVersion = 46;
	objects = {

/* Begin PBXBuildFile section */
		7803DAFBF6C1136DC01231EB /* libPods-GeoFieldsDraw.a in Frameworks */ = {isa = PBXBuildFile; fileRef = 6935AB29764590E3D13B8874 /* libPods-GeoFieldsDraw.a */; };
		A201F3301D2B9D0900F1DD2E /* main.m in Sources */ = {isa = PBXBuildFile; fileRef = A201F32F1D2B9D0900F1DD2E /* main.m */; };
		A201F3331D2B9D0900F1DD2E /* AppDelegate.m in Sources */ = {isa = PBXBuildFile; fileRef = A201F3321D2B9D0900F1DD2E /* AppDelegate.m */; };
		A201F3391D2B9D0900F1DD2E /* Main.storyboard in Resources */ = {isa = PBXBuildFile; fileRef = A201F3371D2B9D0900F1DD2E /* Main.storyboard */; };
		A201F33B1D2B9D0900F1DD2E /* Assets.xcassets in Resources */ = {isa = PBXBuildFile; fileRef = A201F33A1D2B9D0900F1DD2E /* Assets.xcassets */; };
		A201F33E1D2B9D0900F1DD2E /* LaunchScreen.storyboard in Resources */ = {isa = PBXBuildFile; fileRef = A201F33C1D2B9D0900F1DD2E /* LaunchScreen.storyboard */; };
		A2A31C451D2BAACD0023D50E /* ViewController.m in Sources */ = {isa = PBXBuildFile; fileRef = A2A31C421D2BAACD0023D50E /* ViewController.m */; };
		A2A31C491D2BAB4D0023D50E /* GFDAPIClient.m in Sources */ = {isa = PBXBuildFile; fileRef = A2A31C481D2BAB4D0023D50E /* GFDAPIClient.m */; };
/* End PBXBuildFile section */

/* Begin PBXFileReference section */
		6935AB29764590E3D13B8874 /* libPods-GeoFieldsDraw.a */ = {isa = PBXFileReference; explicitFileType = archive.ar; includeInIndex = 0; path = "libPods-GeoFieldsDraw.a"; sourceTree = BUILT_PRODUCTS_DIR; };
		7A27A673F29537AA1CBA970A /* Pods-GeoFieldsDraw.debug.xcconfig */ = {isa = PBXFileReference; includeInIndex = 1; lastKnownFileType = text.xcconfig; name = "Pods-GeoFieldsDraw.debug.xcconfig"; path = "Pods/Target Support Files/Pods-GeoFieldsDraw/Pods-GeoFieldsDraw.debug.xcconfig"; sourceTree = "<group>"; };
		91375F374B89E2D4713CB866 /* Pods-GeoFieldsDraw.release.xcconfig */ = {isa = PBXFileReference; includeInIndex = 1; lastKnownFileType = text.xcconfig; name = "Pods-GeoFieldsDraw.release.xcconfig"; path = "Pods/Target Support Files/Pods-GeoFieldsDraw/Pods-GeoFieldsDraw.release.xcconfig"; sourceTree = "<group>"; };
		A201F32B1D2B9D0800F1DD2E /* GeoFieldsDraw.app */ = {isa = PBXFileReference; explicitFileType = wrapper.application; includeInIndex = 0; path = GeoFieldsDraw.app; sourceTree = BUILT_PRODUCTS_DIR; };
		A201F32F1D2B9D0900F1DD2E /* main.m */ = {isa = PBXFileReference; lastKnownFileType = sourcecode.c.objc; path = main.m; sourceTree = "<group>"; };
		A201F3311D2B9D0900F1DD2E /* AppDelegate.h */ = {isa = PBXFileReference; lastKnownFileType = sourcecode.c.h; path = AppDelegate.h; sourceTree = "<group>"; };
		A201F3321D2B9D0900F1DD2E /* AppDelegate.m */ = {isa = PBXFileReference; lastKnownFileType = sourcecode.c.objc; path = AppDelegate.m; sourceTree = "<group>"; };
		A201F3381D2B9D0900F1DD2E /* Base */ = {isa = PBXFileReference; lastKnownFileType = file.storyboard; name = Base; path = Base.lproj/Main.storyboard; sourceTree = "<group>"; };
		A201F33A1D2B9D0900F1DD2E /* Assets.xcassets */ = {isa = PBXFileReference; lastKnownFileType = folder.assetcatalog; path = Assets.xcassets; sourceTree = "<group>"; };
		A201F33D1D2B9D0900F1DD2E /* Base */ = {isa = PBXFileReference; lastKnownFileType = file.storyboard; name = Base; path = Base.lproj/LaunchScreen.storyboard; sourceTree = "<group>"; };
		A201F33F1D2B9D0900F1DD2E /* Info.plist */ = {isa = PBXFileReference; lastKnownFileType = text.plist.xml; path = Info.plist; sourceTree = "<group>"; };
		A2A31C411D2BAACD0023D50E /* ViewController.h */ = {isa = PBXFileReference; fileEncoding = 4; lastKnownFileType = sourcecode.c.h; path = ViewController.h; sourceTree = "<group>"; };
		A2A31C421D2BAACD0023D50E /* ViewController.m */ = {isa = PBXFileReference; fileEncoding = 4; lastKnownFileType = sourcecode.c.objc; path = ViewController.m; sourceTree = "<group>"; };
		A2A31C471D2BAB4D0023D50E /* GFDAPIClient.h */ = {isa = PBXFileReference; fileEncoding = 4; lastKnownFileType = sourcecode.c.h; path = GFDAPIClient.h; sourceTree = "<group>"; };
		A2A31C481D2BAB4D0023D50E /* GFDAPIClient.m */ = {isa = PBXFileReference; fileEncoding = 4; lastKnownFileType = sourcecode.c.objc; path = GFDAPIClient.m; sourceTree = "<group>"; };
/* End PBXFileReference section */

/* Begin PBXFrameworksBuildPhase section */
		A201F3281D2B9D0800F1DD2E /* Frameworks */ = {
			isa = PBXFrameworksBuildPhase;
			buildActionMask = 2147483647;
			files = (
				7803DAFBF6C1136DC01231EB /* libPods-GeoFieldsDraw.a in Frameworks */,
			);
			runOnlyForDeploymentPostprocessing = 0;
		};
/* End PBXFrameworksBuildPhase section */

/* Begin PBXGroup section */
		5487993A5237308FE0775497 /* Pods */ = {
			isa = PBXGroup;
			children = (
				7A27A673F29537AA1CBA970A /* Pods-GeoFieldsDraw.debug.xcconfig */,
				91375F374B89E2D4713CB866 /* Pods-GeoFieldsDraw.release.xcconfig */,
			);
			name = Pods;
			sourceTree = "<group>";
		};
		A201F3221D2B9D0800F1DD2E = {
			isa = PBXGroup;
			children = (
				A201F32D1D2B9D0900F1DD2E /* GeoFieldsDraw */,
				A201F32C1D2B9D0800F1DD2E /* Products */,
				5487993A5237308FE0775497 /* Pods */,
				E1DB562B3E6E1851A858BC0E /* Frameworks */,
			);
			sourceTree = "<group>";
		};
		A201F32C1D2B9D0800F1DD2E /* Products */ = {
			isa = PBXGroup;
			children = (
				A201F32B1D2B9D0800F1DD2E /* GeoFieldsDraw.app */,
			);
			name = Products;
			sourceTree = "<group>";
		};
		A201F32D1D2B9D0900F1DD2E /* GeoFieldsDraw */ = {
			isa = PBXGroup;
			children = (
				A201F3311D2B9D0900F1DD2E /* AppDelegate.h */,
				A201F3321D2B9D0900F1DD2E /* AppDelegate.m */,
				A2A31C431D2BAACD0023D50E /* Model */,
				A2A31C441D2BAACD0023D50E /* Views */,
				A2A31C401D2BAACD0023D50E /* Controller */,
				A2A31C461D2BAADF0023D50E /* Storyboards */,
				A201F32E1D2B9D0900F1DD2E /* Supporting Files */,
				A201F33A1D2B9D0900F1DD2E /* Assets.xcassets */,
			);
			path = GeoFieldsDraw;
			sourceTree = "<group>";
		};
		A201F32E1D2B9D0900F1DD2E /* Supporting Files */ = {
			isa = PBXGroup;
			children = (
				A201F33F1D2B9D0900F1DD2E /* Info.plist */,
				A201F32F1D2B9D0900F1DD2E /* main.m */,
			);
			name = "Supporting Files";
			sourceTree = "<group>";
		};
		A2A31C401D2BAACD0023D50E /* Controller */ = {
			isa = PBXGroup;
			children = (
				A2A31C411D2BAACD0023D50E /* ViewController.h */,
				A2A31C421D2BAACD0023D50E /* ViewController.m */,
			);
			path = Controller;
			sourceTree = "<group>";
		};
		A2A31C431D2BAACD0023D50E /* Model */ = {
			isa = PBXGroup;
			children = (
				A2A31C471D2BAB4D0023D50E /* GFDAPIClient.h */,
				A2A31C481D2BAB4D0023D50E /* GFDAPIClient.m */,
			);
			path = Model;
			sourceTree = "<group>";
		};
		A2A31C441D2BAACD0023D50E /* Views */ = {
			isa = PBXGroup;
			children = (
			);
			path = Views;
			sourceTree = "<group>";
		};
		A2A31C461D2BAADF0023D50E /* Storyboards */ = {
			isa = PBXGroup;
			children = (
				A201F3371D2B9D0900F1DD2E /* Main.storyboard */,
				A201F33C1D2B9D0900F1DD2E /* LaunchScreen.storyboard */,
			);
			name = Storyboards;
			sourceTree = "<group>";
		};
		E1DB562B3E6E1851A858BC0E /* Frameworks */ = {
			isa = PBXGroup;
			children = (
				6935AB29764590E3D13B8874 /* libPods-GeoFieldsDraw.a */,
			);
			name = Frameworks;
			sourceTree = "<group>";
		};
/* End PBXGroup section */

/* Begin PBXNativeTarget section */
		A201F32A1D2B9D0800F1DD2E /* GeoFieldsDraw */ = {
			isa = PBXNativeTarget;
			buildConfigurationList = A201F3421D2B9D0900F1DD2E /* Build configuration list for PBXNativeTarget "GeoFieldsDraw" */;
			buildPhases = (
				68C69DDD386AC188F993CBA6 /* [CP] Check Pods Manifest.lock */,
				A201F3271D2B9D0800F1DD2E /* Sources */,
				A201F3281D2B9D0800F1DD2E /* Frameworks */,
				A201F3291D2B9D0800F1DD2E /* Resources */,
				142E7F74F7232D83254521D5 /* [CP] Embed Pods Frameworks */,
				53D4219824FF6857B9EC6555 /* [CP] Copy Pods Resources */,
			);
			buildRules = (
			);
			dependencies = (
			);
			name = GeoFieldsDraw;
			productName = GeoFieldsDraw;
			productReference = A201F32B1D2B9D0800F1DD2E /* GeoFieldsDraw.app */;
			productType = "com.apple.product-type.application";
		};
/* End PBXNativeTarget section */

/* Begin PBXProject section */
		A201F3231D2B9D0800F1DD2E /* Project object */ = {
			isa = PBXProject;
			attributes = {
				LastUpgradeCheck = 0730;
				ORGANIZATIONNAME = PaksUkroInc;
				TargetAttributes = {
					A201F32A1D2B9D0800F1DD2E = {
						CreatedOnToolsVersion = 7.3.1;
					};
				};
			};
			buildConfigurationList = A201F3261D2B9D0800F1DD2E /* Build configuration list for PBXProject "GeoFieldsDraw" */;
			compatibilityVersion = "Xcode 3.2";
			developmentRegion = English;
			hasScannedForEncodings = 0;
			knownRegions = (
				en,
				Base,
			);
			mainGroup = A201F3221D2B9D0800F1DD2E;
			productRefGroup = A201F32C1D2B9D0800F1DD2E /* Products */;
			projectDirPath = "";
			projectRoot = "";
			targets = (
				A201F32A1D2B9D0800F1DD2E /* GeoFieldsDraw */,
			);
		};
/* End PBXProject section */

/* Begin PBXResourcesBuildPhase section */
		A201F3291D2B9D0800F1DD2E /* Resources */ = {
			isa = PBXResourcesBuildPhase;
			buildActionMask = 2147483647;
			files = (
				A201F33E1D2B9D0900F1DD2E /* LaunchScreen.storyboard in Resources */,
				A201F33B1D2B9D0900F1DD2E /* Assets.xcassets in Resources */,
				A201F3391D2B9D0900F1DD2E /* Main.storyboard in Resources */,
			);
			runOnlyForDeploymentPostprocessing = 0;
		};
/* End PBXResourcesBuildPhase section */

/* Begin PBXShellScriptBuildPhase section */
		142E7F74F7232D83254521D5 /* [CP] Embed Pods Frameworks */ = {
			isa = PBXShellScriptBuildPhase;
			buildActionMask = 2147483647;
			files = (
			);
			inputPaths = (
			);
			name = "[CP] Embed Pods Frameworks";
			outputPaths = (
			);
			runOnlyForDeploymentPostprocessing = 0;
			shellPath = /bin/sh;
			shellScript = "\"${SRCROOT}/Pods/Target Support Files/Pods-GeoFieldsDraw/Pods-GeoFieldsDraw-frameworks.sh\"\n";
			showEnvVarsInLog = 0;
		};
		53D4219824FF6857B9EC6555 /* [CP] Copy Pods Resources */ = {
			isa = PBXShellScriptBuildPhase;
			buildActionMask = 2147483647;
			files = (
			);
			inputPaths = (
			);
			name = "[CP] Copy Pods Resources";
			outputPaths = (
			);
			runOnlyForDeploymentPostprocessing = 0;
			shellPath = /bin/sh;
			shellScript = "\"${SRCROOT}/Pods/Target Support Files/Pods-GeoFieldsDraw/Pods-GeoFieldsDraw-resources.sh\"\n";
			showEnvVarsInLog = 0;
		};
		68C69DDD386AC188F993CBA6 /* [CP] Check Pods Manifest.lock */ = {
			isa = PBXShellScriptBuildPhase;
			buildActionMask = 2147483647;
			files = (
			);
			inputPaths = (
			);
			name = "[CP] Check Pods Manifest.lock";
			outputPaths = (
			);
			runOnlyForDeploymentPostprocessing = 0;
			shellPath = /bin/sh;
			shellScript = "diff \"${PODS_ROOT}/../Podfile.lock\" \"${PODS_ROOT}/Manifest.lock\" > /dev/null\nif [[ $? != 0 ]] ; then\n    cat << EOM\nerror: The sandbox is not in sync with the Podfile.lock. Run 'pod install' or update your CocoaPods installation.\nEOM\n    exit 1\nfi\n";
			showEnvVarsInLog = 0;
		};
/* End PBXShellScriptBuildPhase section */

/* Begin PBXSourcesBuildPhase section */
		A201F3271D2B9D0800F1DD2E /* Sources */ = {
			isa = PBXSourcesBuildPhase;
			buildActionMask = 2147483647;
			files = (
				A2A31C451D2BAACD0023D50E /* ViewController.m in Sources */,
				A201F3331D2B9D0900F1DD2E /* AppDelegate.m in Sources */,
				A201F3301D2B9D0900F1DD2E /* main.m in Sources */,
				A2A31C491D2BAB4D0023D50E /* GFDAPIClient.m in Sources */,
			);
			runOnlyForDeploymentPostprocessing = 0;
		};
/* End PBXSourcesBuildPhase section */

/* Begin PBXVariantGroup section */
		A201F3371D2B9D0900F1DD2E /* Main.storyboard */ = {
			isa = PBXVariantGroup;
			children = (
				A201F3381D2B9D0900F1DD2E /* Base */,
			);
			name = Main.storyboard;
			sourceTree = "<group>";
		};
		A201F33C1D2B9D0900F1DD2E /* LaunchScreen.storyboard */ = {
			isa = PBXVariantGroup;
			children = (
				A201F33D1D2B9D0900F1DD2E /* Base */,
			);
			name = LaunchScreen.storyboard;
			sourceTree = "<group>";
		};
/* End PBXVariantGroup section */

/* Begin XCBuildConfiguration section */
		A201F3401D2B9D0900F1DD2E /* Debug */ = {
			isa = XCBuildConfiguration;
			buildSettings = {
				ALWAYS_SEARCH_USER_PATHS = NO;
				CLANG_ANALYZER_NONNULL = YES;
				CLANG_CXX_LANGUAGE_STANDARD = "gnu++0x";
				CLANG_CXX_LIBRARY = "libc++";
				CLANG_ENABLE_MODULES = YES;
				CLANG_ENABLE_OBJC_ARC = YES;
				CLANG_WARN_BOOL_CONVERSION = YES;
				CLANG_WARN_CONSTANT_CONVERSION = YES;
				CLANG_WARN_DIRECT_OBJC_ISA_USAGE = YES_ERROR;
				CLANG_WARN_EMPTY_BODY = YES;
				CLANG_WARN_ENUM_CONVERSION = YES;
				CLANG_WARN_INT_CONVERSION = YES;
				CLANG_WARN_OBJC_ROOT_CLASS = YES_ERROR;
				CLANG_WARN_UNREACHABLE_CODE = YES;
				CLANG_WARN__DUPLICATE_METHOD_MATCH = YES;
				"CODE_SIGN_IDENTITY[sdk=iphoneos*]" = "iPhone Developer";
				COPY_PHASE_STRIP = NO;
				DEBUG_INFORMATION_FORMAT = dwarf;
				ENABLE_STRICT_OBJC_MSGSEND = YES;
				ENABLE_TESTABILITY = YES;
				GCC_C_LANGUAGE_STANDARD = gnu99;
				GCC_DYNAMIC_NO_PIC = NO;
				GCC_NO_COMMON_BLOCKS = YES;
				GCC_OPTIMIZATION_LEVEL = 0;
				GCC_PREPROCESSOR_DEFINITIONS = (
					"DEBUG=1",
					"$(inherited)",
				);
				GCC_WARN_64_TO_32_BIT_CONVERSION = YES;
				GCC_WARN_ABOUT_RETURN_TYPE = YES_ERROR;
				GCC_WARN_UNDECLARED_SELECTOR = YES;
				GCC_WARN_UNINITIALIZED_AUTOS = YES_AGGRESSIVE;
				GCC_WARN_UNUSED_FUNCTION = YES;
				GCC_WARN_UNUSED_VARIABLE = YES;
				IPHONEOS_DEPLOYMENT_TARGET = 9.3;
				MTL_ENABLE_DEBUG_INFO = YES;
				ONLY_ACTIVE_ARCH = YES;
				SDKROOT = iphoneos;
			};
			name = Debug;
		};
		A201F3411D2B9D0900F1DD2E /* Release */ = {
			isa = XCBuildConfiguration;
			buildSettings = {
				ALWAYS_SEARCH_USER_PATHS = NO;
				CLANG_ANALYZER_NONNULL = YES;
				CLANG_CXX_LANGUAGE_STANDARD = "gnu++0x";
				CLANG_CXX_LIBRARY = "libc++";
				CLANG_ENABLE_MODULES = YES;
				CLANG_ENABLE_OBJC_ARC = YES;
				CLANG_WARN_BOOL_CONVERSION = YES;
				CLANG_WARN_CONSTANT_CONVERSION = YES;
				CLANG_WARN_DIRECT_OBJC_ISA_USAGE = YES_ERROR;
				CLANG_WARN_EMPTY_BODY = YES;
				CLANG_WARN_ENUM_CONVERSION = YES;
				CLANG_WARN_INT_CONVERSION = YES;
				CLANG_WARN_OBJC_ROOT_CLASS = YES_ERROR;
				CLANG_WARN_UNREACHABLE_CODE = YES;
				CLANG_WARN__DUPLICATE_METHOD_MATCH = YES;
				"CODE_SIGN_IDENTITY[sdk=iphoneos*]" = "iPhone Developer";
				COPY_PHASE_STRIP = NO;
				DEBUG_INFORMATION_FORMAT = "dwarf-with-dsym";
				ENABLE_NS_ASSERTIONS = NO;
				ENABLE_STRICT_OBJC_MSGSEND = YES;
				GCC_C_LANGUAGE_STANDARD = gnu99;
				GCC_NO_COMMON_BLOCKS = YES;
				GCC_WARN_64_TO_32_BIT_CONVERSION = YES;
				GCC_WARN_ABOUT_RETURN_TYPE = YES_ERROR;
				GCC_WARN_UNDECLARED_SELECTOR = YES;
				GCC_WARN_UNINITIALIZED_AUTOS = YES_AGGRESSIVE;
				GCC_WARN_UNUSED_FUNCTION = YES;
				GCC_WARN_UNUSED_VARIABLE = YES;
				IPHONEOS_DEPLOYMENT_TARGET = 9.3;
				MTL_ENABLE_DEBUG_INFO = NO;
				SDKROOT = iphoneos;
				VALIDATE_PRODUCT = YES;
			};
			name = Release;
		};
		A201F3431D2B9D0900F1DD2E /* Debug */ = {
			isa = XCBuildConfiguration;
			baseConfigurationReference = 7A27A673F29537AA1CBA970A /* Pods-GeoFieldsDraw.debug.xcconfig */;
			buildSettings = {
				ASSETCATALOG_COMPILER_APPICON_NAME = AppIcon;
				DEFINES_MODULE = NO;
				INFOPLIST_FILE = GeoFieldsDraw/Info.plist;
				LD_RUNPATH_SEARCH_PATHS = "$(inherited) @executable_path/Frameworks";
				PRODUCT_BUNDLE_IDENTIFIER = ua.paksukro.GeoFieldsDraw;
				PRODUCT_NAME = "$(TARGET_NAME)";
			};
			name = Debug;
		};
		A201F3441D2B9D0900F1DD2E /* Release */ = {
			isa = XCBuildConfiguration;
			baseConfigurationReference = 91375F374B89E2D4713CB866 /* Pods-GeoFieldsDraw.release.xcconfig */;
			buildSettings = {
				ASSETCATALOG_COMPILER_APPICON_NAME = AppIcon;
				DEFINES_MODULE = NO;
				INFOPLIST_FILE = GeoFieldsDraw/Info.plist;
				LD_RUNPATH_SEARCH_PATHS = "$(inherited) @executable_path/Frameworks";
				PRODUCT_BUNDLE_IDENTIFIER = ua.paksukro.GeoFieldsDraw;
				PRODUCT_NAME = "$(TARGET_NAME)";
			};
			name = Release;
		};
/* End XCBuildConfiguration section */

/* Begin XCConfigurationList section */
		A201F3261D2B9D0800F1DD2E /* Build configuration list for PBXProject "GeoFieldsDraw" */ = {
			isa = XCConfigurationList;
			buildConfigurations = (
				A201F3401D2B9D0900F1DD2E /* Debug */,
				A201F3411D2B9D0900F1DD2E /* Release */,
			);
			defaultConfigurationIsVisible = 0;
			defaultConfigurationName = Release;
		};
		A201F3421D2B9D0900F1DD2E /* Build configuration list for PBXNativeTarget "GeoFieldsDraw" */ = {
			isa = XCConfigurationList;
			buildConfigurations = (
				A201F3431D2B9D0900F1DD2E /* Debug */,
				A201F3441D2B9D0900F1DD2E /* Release */,
			);
			defaultConfigurationIsVisible = 0;
			defaultConfigurationName = Release;
		};
/* End XCConfigurationList section */
	};
	rootObject = A201F3231D2B9D0800F1DD2E /* Project object */;
}
